# THIS IS AN AUTOGENERATED FILE. DO NOT EDIT THIS FILE DIRECTLY.
# yarn lockfile v1


beauty-stars@^1.0.4:
  version "1.0.4"
  resolved "https://registry.yarnpkg.com/beauty-stars/-/beauty-stars-1.0.4.tgz#a7928bec4a71c7f33abb0fd5d8b63dbdb1063c2c"
  integrity sha512-Srx2PB2c8dc04yQyTAYGjTRqBXV7wnWChhLy/0B2f4nYWGOm1M7WG4KVHXC5558HBqYxK+A0w9AahqHd/0eCVQ==
